
Microsoft Visual Studio Solution File, Format Version 12.00
# Visual Studio 14
VisualStudioVersion = 14.0.25420.1
MinimumVisualStudioVersion = 10.0.40219.1
Project("{FAE04EC0-301F-11D3-BF4B-00C04F79EFBC}") = "ObjectLifetime", "ObjectLifetime\ObjectLifetime.csproj", "{E9DBB9C5-2B7F-4367-898F-AD6C9FF5AEDA}"
EndProject
Global
	GlobalSection(SolutionConfigurationPlatforms) = preSolution
		Debug|Any CPU = Debug|Any CPU
		Release|Any CPU = Release|Any CPU
	EndGlobalSection
	GlobalSection(ProjectConfigurationPlatforms) = postSolution
		{E9DBB9C5-2B7F-4367-898F-AD6C9FF5AEDA}.Debug|Any CPU.ActiveCfg = Debug|Any CPU
		{E9DBB9C5-2B7F-4367-898F-AD6C9FF5AEDA}.Debug|Any CPU.Build.0 = Debug|Any CPU
		{E9DBB9C5-2B7F-4367-898F-AD6C9FF5AEDA}.Release|Any CPU.ActiveCfg = Release|Any CPU
		{E9DBB9C5-2B7F-4367-898F-AD6C9FF5AEDA}.Release|Any CPU.Build.0 = Release|Any CPU
	EndGlobalSection
	GlobalSection(SolutionProperties) = preSolution
		HideSolutionNode = FALSE
	EndGlobalSection
EndGlobal
